
Microsoft Visual Studio Solution File, Format Version 12.00
# Visual Studio Version 16
Project("{2150E333-8FDC-42A3-9474-1A3956D46DE8}") = "src", "src", "{1A2D2562-9471-4568-98D4-072AAC8A7645}"
EndProject
Project("{FAE04EC0-301F-11D3-BF4B-00C04F79EFBC}") = "DidacticPotato.Api", "src\DidacticPotato.Api\DidacticPotato.Api.csproj", "{E597F120-4656-4F15-8AF3-3626DABF8643}"
EndProject
Project("{2150E333-8FDC-42A3-9474-1A3956D46DE8}") = "DidacticPotato.Options", "DidacticPotato.Options", "{E889C255-E7BD-4854-9566-869CFCE52992}"
EndProject
Project("{2150E333-8FDC-42A3-9474-1A3956D46DE8}") = "src", "src", "{A4D3EE1F-F00A-4C77-9610-29682422E796}"
EndProject
Project("{FAE04EC0-301F-11D3-BF4B-00C04F79EFBC}") = "DidacticPotato.Options", "DidacticPotato.Options\src\DidacticPotato.Options\DidacticPotato.Options.csproj", "{907965E7-D0DE-4235-96E9-C0C9CBA904CD}"
EndProject
Global
	GlobalSection(SolutionConfigurationPlatforms) = preSolution
		Debug|Any CPU = Debug|Any CPU
		Release|Any CPU = Release|Any CPU
	EndGlobalSection
	GlobalSection(ProjectConfigurationPlatforms) = postSolution
		{E597F120-4656-4F15-8AF3-3626DABF8643}.Debug|Any CPU.ActiveCfg = Debug|Any CPU
		{E597F120-4656-4F15-8AF3-3626DABF8643}.Debug|Any CPU.Build.0 = Debug|Any CPU
		{E597F120-4656-4F15-8AF3-3626DABF8643}.Release|Any CPU.ActiveCfg = Release|Any CPU
		{E597F120-4656-4F15-8AF3-3626DABF8643}.Release|Any CPU.Build.0 = Release|Any CPU
		{907965E7-D0DE-4235-96E9-C0C9CBA904CD}.Debug|Any CPU.ActiveCfg = Debug|Any CPU
		{907965E7-D0DE-4235-96E9-C0C9CBA904CD}.Debug|Any CPU.Build.0 = Debug|Any CPU
		{907965E7-D0DE-4235-96E9-C0C9CBA904CD}.Release|Any CPU.ActiveCfg = Release|Any CPU
		{907965E7-D0DE-4235-96E9-C0C9CBA904CD}.Release|Any CPU.Build.0 = Release|Any CPU
	EndGlobalSection
	GlobalSection(NestedProjects) = preSolution
		{E597F120-4656-4F15-8AF3-3626DABF8643} = {1A2D2562-9471-4568-98D4-072AAC8A7645}
		{A4D3EE1F-F00A-4C77-9610-29682422E796} = {E889C255-E7BD-4854-9566-869CFCE52992}
		{907965E7-D0DE-4235-96E9-C0C9CBA904CD} = {A4D3EE1F-F00A-4C77-9610-29682422E796}
	EndGlobalSection
EndGlobal
